// !$*UTF8*$!
{
	archiveVersion = 1;
	classes = {
	};
	objectVersion = 48;
	objects = {

/* Begin PBXBuildFile section */
		571AF1A72031F3CA00356635 /* AppDelegate.swift in Sources */ = {isa = PBXBuildFile; fileRef = 571AF1A62031F3CA00356635 /* AppDelegate.swift */; };
		571AF1A92031F3CA00356635 /* ViewController.swift in Sources */ = {isa = PBXBuildFile; fileRef = 571AF1A82031F3CA00356635 /* ViewController.swift */; };
		571AF1AC2031F3CA00356635 /* Main.storyboard in Resources */ = {isa = PBXBuildFile; fileRef = 571AF1AA2031F3CA00356635 /* Main.storyboard */; };
		571AF1AE2031F3CA00356635 /* Assets.xcassets in Resources */ = {isa = PBXBuildFile; fileRef = 571AF1AD2031F3CA00356635 /* Assets.xcassets */; };
		571AF1B12031F3CA00356635 /* LaunchScreen.storyboard in Resources */ = {isa = PBXBuildFile; fileRef = 571AF1AF2031F3CA00356635 /* LaunchScreen.storyboard */; };
		571AF1BC2031F3CA00356635 /* Cat_AppTests.swift in Sources */ = {isa = PBXBuildFile; fileRef = 571AF1BB2031F3CA00356635 /* Cat_AppTests.swift */; };
		571AF1C72031F3CA00356635 /* Cat_AppUITests.swift in Sources */ = {isa = PBXBuildFile; fileRef = 571AF1C62031F3CA00356635 /* Cat_AppUITests.swift */; };
/* End PBXBuildFile section */

/* Begin PBXContainerItemProxy section */
		571AF1B82031F3CA00356635 /* PBXContainerItemProxy */ = {
			isa = PBXContainerItemProxy;
			containerPortal = 571AF19B2031F3CA00356635 /* Project object */;
			proxyType = 1;
			remoteGlobalIDString = 571AF1A22031F3CA00356635;
			remoteInfo = "Cat App";
		};
		571AF1C32031F3CA00356635 /* PBXContainerItemProxy */ = {
			isa = PBXContainerItemProxy;
			containerPortal = 571AF19B2031F3CA00356635 /* Project object */;
			proxyType = 1;
			remoteGlobalIDString = 571AF1A22031F3CA00356635;
			remoteInfo = "Cat App";
		};
/* End PBXContainerItemProxy section */

/* Begin PBXFileReference section */
		571AF1A32031F3CA00356635 /* Cat App.app */ = {isa = PBXFileReference; explicitFileType = wrapper.application; includeInIndex = 0; path = "Cat App.app"; sourceTree = BUILT_PRODUCTS_DIR; };
		571AF1A62031F3CA00356635 /* AppDelegate.swift */ = {isa = PBXFileReference; lastKnownFileType = sourcecode.swift; path = AppDelegate.swift; sourceTree = "<group>"; };
		571AF1A82031F3CA00356635 /* ViewController.swift */ = {isa = PBXFileReference; lastKnownFileType = sourcecode.swift; path = ViewController.swift; sourceTree = "<group>"; };
		571AF1AB2031F3CA00356635 /* Base */ = {isa = PBXFileReference; lastKnownFileType = file.storyboard; name = Base; path = Base.lproj/Main.storyboard; sourceTree = "<group>"; };
		571AF1AD2031F3CA00356635 /* Assets.xcassets */ = {isa = PBXFileReference; lastKnownFileType = folder.assetcatalog; path = Assets.xcassets; sourceTree = "<group>"; };
		571AF1B02031F3CA00356635 /* Base */ = {isa = PBXFileReference; lastKnownFileType = file.storyboard; name = Base; path = Base.lproj/LaunchScreen.storyboard; sourceTree = "<group>"; };
		571AF1B22031F3CA00356635 /* Info.plist */ = {isa = PBXFileReference; lastKnownFileType = text.plist.xml; path = Info.plist; sourceTree = "<group>"; };
		571AF1B72031F3CA00356635 /* Cat AppTests.xctest */ = {isa = PBXFileReference; explicitFileType = wrapper.cfbundle; includeInIndex = 0; path = "Cat AppTests.xctest"; sourceTree = BUILT_PRODUCTS_DIR; };
		571AF1BB2031F3CA00356635 /* Cat_AppTests.swift */ = {isa = PBXFileReference; lastKnownFileType = sourcecode.swift; path = Cat_AppTests.swift; sourceTree = "<group>"; };
		571AF1BD2031F3CA00356635 /* Info.plist */ = {isa = PBXFileReference; lastKnownFileType = text.plist.xml; path = Info.plist; sourceTree = "<group>"; };
		571AF1C22031F3CA00356635 /* Cat AppUITests.xctest */ = {isa = PBXFileReference; explicitFileType = wrapper.cfbundle; includeInIndex = 0; path = "Cat AppUITests.xctest"; sourceTree = BUILT_PRODUCTS_DIR; };
		571AF1C62031F3CA00356635 /* Cat_AppUITests.swift */ = {isa = PBXFileReference; lastKnownFileType = sourcecode.swift; path = Cat_AppUITests.swift; sourceTree = "<group>"; };
		571AF1C82031F3CA00356635 /* Info.plist */ = {isa = PBXFileReference; lastKnownFileType = text.plist.xml; path = Info.plist; sourceTree = "<group>"; };
/* End PBXFileReference section */

/* Begin PBXFrameworksBuildPhase section */
		571AF1A02031F3CA00356635 /* Frameworks */ = {
			isa = PBXFrameworksBuildPhase;
			buildActionMask = 2147483647;
			files = (
			);
			runOnlyForDeploymentPostprocessing = 0;
		};
		571AF1B42031F3CA00356635 /* Frameworks */ = {
			isa = PBXFrameworksBuildPhase;
			buildActionMask = 2147483647;
			files = (
			);
			runOnlyForDeploymentPostprocessing = 0;
		};
		571AF1BF2031F3CA00356635 /* Frameworks */ = {
			isa = PBXFrameworksBuildPhase;
			buildActionMask = 2147483647;
			files = (
			);
			runOnlyForDeploymentPostprocessing = 0;
		};
/* End PBXFrameworksBuildPhase section */

/* Begin PBXGroup section */
		571AF19A2031F3CA00356635 = {
			isa = PBXGroup;
			children = (
				571AF1A52031F3CA00356635 /* Cat App */,
				571AF1BA2031F3CA00356635 /* Cat AppTests */,
				571AF1C52031F3CA00356635 /* Cat AppUITests */,
				571AF1A42031F3CA00356635 /* Products */,
			);
			sourceTree = "<group>";
		};
		571AF1A42031F3CA00356635 /* Products */ = {
			isa = PBXGroup;
			children = (
				571AF1A32031F3CA00356635 /* Cat App.app */,
				571AF1B72031F3CA00356635 /* Cat AppTests.xctest */,
				571AF1C22031F3CA00356635 /* Cat AppUITests.xctest */,
			);
			name = Products;
			sourceTree = "<group>";
		};
		571AF1A52031F3CA00356635 /* Cat App */ = {
			isa = PBXGroup;
			children = (
				571AF1A62031F3CA00356635 /* AppDelegate.swift */,
				571AF1A82031F3CA00356635 /* ViewController.swift */,
				571AF1AA2031F3CA00356635 /* Main.storyboard */,
				571AF1AD2031F3CA00356635 /* Assets.xcassets */,
				571AF1AF2031F3CA00356635 /* LaunchScreen.storyboard */,
				571AF1B22031F3CA00356635 /* Info.plist */,
			);
			path = "Cat App";
			sourceTree = "<group>";
		};
		571AF1BA2031F3CA00356635 /* Cat AppTests */ = {
			isa = PBXGroup;
			children = (
				571AF1BB2031F3CA00356635 /* Cat_AppTests.swift */,
				571AF1BD2031F3CA00356635 /* Info.plist */,
			);
			path = "Cat AppTests";
			sourceTree = "<group>";
		};
		571AF1C52031F3CA00356635 /* Cat AppUITests */ = {
			isa = PBXGroup;
			children = (
				571AF1C62031F3CA00356635 /* Cat_AppUITests.swift */,
				571AF1C82031F3CA00356635 /* Info.plist */,
			);
			path = "Cat AppUITests";
			sourceTree = "<group>";
		};
/* End PBXGroup section */

/* Begin PBXNativeTarget section */
		571AF1A22031F3CA00356635 /* Cat App */ = {
			isa = PBXNativeTarget;
			buildConfigurationList = 571AF1CB2031F3CA00356635 /* Build configuration list for PBXNativeTarget "Cat App" */;
			buildPhases = (
				571AF19F2031F3CA00356635 /* Sources */,
				571AF1A02031F3CA00356635 /* Frameworks */,
				571AF1A12031F3CA00356635 /* Resources */,
			);
			buildRules = (
			);
			dependencies = (
			);
			name = "Cat App";
			productName = "Cat App";
			productReference = 571AF1A32031F3CA00356635 /* Cat App.app */;
			productType = "com.apple.product-type.application";
		};
		571AF1B62031F3CA00356635 /* Cat AppTests */ = {
			isa = PBXNativeTarget;
			buildConfigurationList = 571AF1CE2031F3CA00356635 /* Build configuration list for PBXNativeTarget "Cat AppTests" */;
			buildPhases = (
				571AF1B32031F3CA00356635 /* Sources */,
				571AF1B42031F3CA00356635 /* Frameworks */,
				571AF1B52031F3CA00356635 /* Resources */,
			);
			buildRules = (
			);
			dependencies = (
				571AF1B92031F3CA00356635 /* PBXTargetDependency */,
			);
			name = "Cat AppTests";
			productName = "Cat AppTests";
			productReference = 571AF1B72031F3CA00356635 /* Cat AppTests.xctest */;
			productType = "com.apple.product-type.bundle.unit-test";
		};
		571AF1C12031F3CA00356635 /* Cat AppUITests */ = {
			isa = PBXNativeTarget;
			buildConfigurationList = 571AF1D12031F3CA00356635 /* Build configuration list for PBXNativeTarget "Cat AppUITests" */;
			buildPhases = (
				571AF1BE2031F3CA00356635 /* Sources */,
				571AF1BF2031F3CA00356635 /* Frameworks */,
				571AF1C02031F3CA00356635 /* Resources */,
			);
			buildRules = (
			);
			dependencies = (
				571AF1C42031F3CA00356635 /* PBXTargetDependency */,
			);
			name = "Cat AppUITests";
			productName = "Cat AppUITests";
			productReference = 571AF1C22031F3CA00356635 /* Cat AppUITests.xctest */;
			productType = "com.apple.product-type.bundle.ui-testing";
		};
/* End PBXNativeTarget section */

/* Begin PBXProject section */
		571AF19B2031F3CA00356635 /* Project object */ = {
			isa = PBXProject;
			attributes = {
				LastSwiftUpdateCheck = 0920;
				LastUpgradeCheck = 0920;
				ORGANIZATIONNAME = "Andy Harris";
				TargetAttributes = {
					571AF1A22031F3CA00356635 = {
						CreatedOnToolsVersion = 9.2;
						ProvisioningStyle = Automatic;
					};
					571AF1B62031F3CA00356635 = {
						CreatedOnToolsVersion = 9.2;
						ProvisioningStyle = Automatic;
						TestTargetID = 571AF1A22031F3CA00356635;
					};
					571AF1C12031F3CA00356635 = {
						CreatedOnToolsVersion = 9.2;
						ProvisioningStyle = Automatic;
						TestTargetID = 571AF1A22031F3CA00356635;
					};
				};
			};
			buildConfigurationList = 571AF19E2031F3CA00356635 /* Build configuration list for PBXProject "Cat App" */;
			compatibilityVersion = "Xcode 8.0";
			developmentRegion = en;
			hasScannedForEncodings = 0;
			knownRegions = (
				en,
				Base,
			);
			mainGroup = 571AF19A2031F3CA00356635;
			productRefGroup = 571AF1A42031F3CA00356635 /* Products */;
			projectDirPath = "";
			projectRoot = "";
			targets = (
				571AF1A22031F3CA00356635 /* Cat App */,
				571AF1B62031F3CA00356635 /* Cat AppTests */,
				571AF1C12031F3CA00356635 /* Cat AppUITests */,
			);
		};
/* End PBXProject section */

/* Begin PBXResourcesBuildPhase section */
		571AF1A12031F3CA00356635 /* Resources */ = {
			isa = PBXResourcesBuildPhase;
			buildActionMask = 2147483647;
			files = (
				571AF1B12031F3CA00356635 /* LaunchScreen.storyboard in Resources */,
				571AF1AE2031F3CA00356635 /* Assets.xcassets in Resources */,
				571AF1AC2031F3CA00356635 /* Main.storyboard in Resources */,
			);
			runOnlyForDeploymentPostprocessing = 0;
		};
		571AF1B52031F3CA00356635 /* Resources */ = {
			isa = PBXResourcesBuildPhase;
			buildActionMask = 2147483647;
			files = (
			);
			runOnlyForDeploymentPostprocessing = 0;
		};
		571AF1C02031F3CA00356635 /* Resources */ = {
			isa = PBXResourcesBuildPhase;
			buildActionMask = 2147483647;
			files = (
			);
			runOnlyForDeploymentPostprocessing = 0;
		};
/* End PBXResourcesBuildPhase section */

/* Begin PBXSourcesBuildPhase section */
		571AF19F2031F3CA00356635 /* Sources */ = {
			isa = PBXSourcesBuildPhase;
			buildActionMask = 2147483647;
			files = (
				571AF1A92031F3CA00356635 /* ViewController.swift in Sources */,
				571AF1A72031F3CA00356635 /* AppDelegate.swift in Sources */,
			);
			runOnlyForDeploymentPostprocessing = 0;
		};
		571AF1B32031F3CA00356635 /* Sources */ = {
			isa = PBXSourcesBuildPhase;
			buildActionMask = 2147483647;
			files = (
				571AF1BC2031F3CA00356635 /* Cat_AppTests.swift in Sources */,
			);
			runOnlyForDeploymentPostprocessing = 0;
		};
		571AF1BE2031F3CA00356635 /* Sources */ = {
			isa = PBXSourcesBuildPhase;
			buildActionMask = 2147483647;
			files = (
				571AF1C72031F3CA00356635 /* Cat_AppUITests.swift in Sources */,
			);
			runOnlyForDeploymentPostprocessing = 0;
		};
/* End PBXSourcesBuildPhase section */

/* Begin PBXTargetDependency section */
		571AF1B92031F3CA00356635 /* PBXTargetDependency */ = {
			isa = PBXTargetDependency;
			target = 571AF1A22031F3CA00356635 /* Cat App */;
			targetProxy = 571AF1B82031F3CA00356635 /* PBXContainerItemProxy */;
		};
		571AF1C42031F3CA00356635 /* PBXTargetDependency */ = {
			isa = PBXTargetDependency;
			target = 571AF1A22031F3CA00356635 /* Cat App */;
			targetProxy = 571AF1C32031F3CA00356635 /* PBXContainerItemProxy */;
		};
/* End PBXTargetDependency section */

/* Begin PBXVariantGroup section */
		571AF1AA2031F3CA00356635 /* Main.storyboard */ = {
			isa = PBXVariantGroup;
			children = (
				571AF1AB2031F3CA00356635 /* Base */,
			);
			name = Main.storyboard;
			sourceTree = "<group>";
		};
		571AF1AF2031F3CA00356635 /* LaunchScreen.storyboard */ = {
			isa = PBXVariantGroup;
			children = (
				571AF1B02031F3CA00356635 /* Base */,
			);
			name = LaunchScreen.storyboard;
			sourceTree = "<group>";
		};
/* End PBXVariantGroup section */

/* Begin XCBuildConfiguration section */
		571AF1C92031F3CA00356635 /* Debug */ = {
			isa = XCBuildConfiguration;
			buildSettings = {
				ALWAYS_SEARCH_USER_PATHS = NO;
				CLANG_ANALYZER_NONNULL = YES;
				CLANG_ANALYZER_NUMBER_OBJECT_CONVERSION = YES_AGGRESSIVE;
				CLANG_CXX_LANGUAGE_STANDARD = "gnu++14";
				CLANG_CXX_LIBRARY = "libc++";
				CLANG_ENABLE_MODULES = YES;
				CLANG_ENABLE_OBJC_ARC = YES;
				CLANG_WARN_BLOCK_CAPTURE_AUTORELEASING = YES;
				CLANG_WARN_BOOL_CONVERSION = YES;
				CLANG_WARN_COMMA = YES;
				CLANG_WARN_CONSTANT_CONVERSION = YES;
				CLANG_WARN_DIRECT_OBJC_ISA_USAGE = YES_ERROR;
				CLANG_WARN_DOCUMENTATION_COMMENTS = YES;
				CLANG_WARN_EMPTY_BODY = YES;
				CLANG_WARN_ENUM_CONVERSION = YES;
				CLANG_WARN_INFINITE_RECURSION = YES;
				CLANG_WARN_INT_CONVERSION = YES;
				CLANG_WARN_NON_LITERAL_NULL_CONVERSION = YES;
				CLANG_WARN_OBJC_LITERAL_CONVERSION = YES;
				CLANG_WARN_OBJC_ROOT_CLASS = YES_ERROR;
				CLANG_WARN_RANGE_LOOP_ANALYSIS = YES;
				CLANG_WARN_STRICT_PROTOTYPES = YES;
				CLANG_WARN_SUSPICIOUS_MOVE = YES;
				CLANG_WARN_UNGUARDED_AVAILABILITY = YES_AGGRESSIVE;
				CLANG_WARN_UNREACHABLE_CODE = YES;
				CLANG_WARN__DUPLICATE_METHOD_MATCH = YES;
				CODE_SIGN_IDENTITY = "iPhone Developer";
				COPY_PHASE_STRIP = NO;
				DEBUG_INFORMATION_FORMAT = dwarf;
				ENABLE_STRICT_OBJC_MSGSEND = YES;
				ENABLE_TESTABILITY = YES;
				GCC_C_LANGUAGE_STANDARD = gnu11;
				GCC_DYNAMIC_NO_PIC = NO;
				GCC_NO_COMMON_BLOCKS = YES;
				GCC_OPTIMIZATION_LEVEL = 0;
				GCC_PREPROCESSOR_DEFINITIONS = (
					"DEBUG=1",
					"$(inherited)",
				);
				GCC_WARN_64_TO_32_BIT_CONVERSION = YES;
				GCC_WARN_ABOUT_RETURN_TYPE = YES_ERROR;
				GCC_WARN_UNDECLARED_SELECTOR = YES;
				GCC_WARN_UNINITIALIZED_AUTOS = YES_AGGRESSIVE;
				GCC_WARN_UNUSED_FUNCTION = YES;
				GCC_WARN_UNUSED_VARIABLE = YES;
				IPHONEOS_DEPLOYMENT_TARGET = 11.2;
				MTL_ENABLE_DEBUG_INFO = YES;
				ONLY_ACTIVE_ARCH = YES;
				SDKROOT = iphoneos;
				SWIFT_ACTIVE_COMPILATION_CONDITIONS = DEBUG;
				SWIFT_OPTIMIZATION_LEVEL = "-Onone";
			};
			name = Debug;
		};
		571AF1CA2031F3CA00356635 /* Release */ = {
			isa = XCBuildConfiguration;
			buildSettings = {
				ALWAYS_SEARCH_USER_PATHS = NO;
				CLANG_ANALYZER_NONNULL = YES;
				CLANG_ANALYZER_NUMBER_OBJECT_CONVERSION = YES_AGGRESSIVE;
				CLANG_CXX_LANGUAGE_STANDARD = "gnu++14";
				CLANG_CXX_LIBRARY = "libc++";
				CLANG_ENABLE_MODULES = YES;
				CLANG_ENABLE_OBJC_ARC = YES;
				CLANG_WARN_BLOCK_CAPTURE_AUTORELEASING = YES;
				CLANG_WARN_BOOL_CONVERSION = YES;
				CLANG_WARN_COMMA = YES;
				CLANG_WARN_CONSTANT_CONVERSION = YES;
				CLANG_WARN_DIRECT_OBJC_ISA_USAGE = YES_ERROR;
				CLANG_WARN_DOCUMENTATION_COMMENTS = YES;
				CLANG_WARN_EMPTY_BODY = YES;
				CLANG_WARN_ENUM_CONVERSION = YES;
				CLANG_WARN_INFINITE_RECURSION = YES;
				CLANG_WARN_INT_CONVERSION = YES;
				CLANG_WARN_NON_LITERAL_NULL_CONVERSION = YES;
				CLANG_WARN_OBJC_LITERAL_CONVERSION = YES;
				CLANG_WARN_OBJC_ROOT_CLASS = YES_ERROR;
				CLANG_WARN_RANGE_LOOP_ANALYSIS = YES;
				CLANG_WARN_STRICT_PROTOTYPES = YES;
				CLANG_WARN_SUSPICIOUS_MOVE = YES;
				CLANG_WARN_UNGUARDED_AVAILABILITY = YES_AGGRESSIVE;
				CLANG_WARN_UNREACHABLE_CODE = YES;
				CLANG_WARN__DUPLICATE_METHOD_MATCH = YES;
				CODE_SIGN_IDENTITY = "iPhone Developer";
				COPY_PHASE_STRIP = NO;
				DEBUG_INFORMATION_FORMAT = "dwarf-with-dsym";
				ENABLE_NS_ASSERTIONS = NO;
				ENABLE_STRICT_OBJC_MSGSEND = YES;
				GCC_C_LANGUAGE_STANDARD = gnu11;
				GCC_NO_COMMON_BLOCKS = YES;
				GCC_WARN_64_TO_32_BIT_CONVERSION = YES;
				GCC_WARN_ABOUT_RETURN_TYPE = YES_ERROR;
				GCC_WARN_UNDECLARED_SELECTOR = YES;
				GCC_WARN_UNINITIALIZED_AUTOS = YES_AGGRESSIVE;
				GCC_WARN_UNUSED_FUNCTION = YES;
				GCC_WARN_UNUSED_VARIABLE = YES;
				IPHONEOS_DEPLOYMENT_TARGET = 11.2;
				MTL_ENABLE_DEBUG_INFO = NO;
				SDKROOT = iphoneos;
				SWIFT_OPTIMIZATION_LEVEL = "-Owholemodule";
				VALIDATE_PRODUCT = YES;
			};
			name = Release;
		};
		571AF1CC2031F3CA00356635 /* Debug */ = {
			isa = XCBuildConfiguration;
			buildSettings = {
				ASSETCATALOG_COMPILER_APPICON_NAME = AppIcon;
				CODE_SIGN_STYLE = Automatic;
				INFOPLIST_FILE = "Cat App/Info.plist";
				LD_RUNPATH_SEARCH_PATHS = "$(inherited) @executable_path/Frameworks";
				PRODUCT_BUNDLE_IDENTIFIER = "Cat.Cat-App";
				PRODUCT_NAME = "$(TARGET_NAME)";
				SWIFT_VERSION = 4.0;
				TARGETED_DEVICE_FAMILY = "1,2";
			};
			name = Debug;
		};
		571AF1CD2031F3CA00356635 /* Release */ = {
			isa = XCBuildConfiguration;
			buildSettings = {
				ASSETCATALOG_COMPILER_APPICON_NAME = AppIcon;
				CODE_SIGN_STYLE = Automatic;
				INFOPLIST_FILE = "Cat App/Info.plist";
				LD_RUNPATH_SEARCH_PATHS = "$(inherited) @executable_path/Frameworks";
				PRODUCT_BUNDLE_IDENTIFIER = "Cat.Cat-App";
				PRODUCT_NAME = "$(TARGET_NAME)";
				SWIFT_VERSION = 4.0;
				TARGETED_DEVICE_FAMILY = "1,2";
			};
			name = Release;
		};
		571AF1CF2031F3CA00356635 /* Debug */ = {
			isa = XCBuildConfiguration;
			buildSettings = {
				ALWAYS_EMBED_SWIFT_STANDARD_LIBRARIES = YES;
				BUNDLE_LOADER = "$(TEST_HOST)";
				CODE_SIGN_STYLE = Automatic;
				INFOPLIST_FILE = "Cat AppTests/Info.plist";
				LD_RUNPATH_SEARCH_PATHS = "$(inherited) @executable_path/Frameworks @loader_path/Frameworks";
				PRODUCT_BUNDLE_IDENTIFIER = "Cat.Cat-AppTests";
				PRODUCT_NAME = "$(TARGET_NAME)";
				SWIFT_VERSION = 4.0;
				TARGETED_DEVICE_FAMILY = "1,2";
				TEST_HOST = "$(BUILT_PRODUCTS_DIR)/Cat App.app/Cat App";
			};
			name = Debug;
		};
		571AF1D02031F3CA00356635 /* Release */ = {
			isa = XCBuildConfiguration;
			buildSettings = {
				ALWAYS_EMBED_SWIFT_STANDARD_LIBRARIES = YES;
				BUNDLE_LOADER = "$(TEST_HOST)";
				CODE_SIGN_STYLE = Automatic;
				INFOPLIST_FILE = "Cat AppTests/Info.plist";
				LD_RUNPATH_SEARCH_PATHS = "$(inherited) @executable_path/Frameworks @loader_path/Frameworks";
				PRODUCT_BUNDLE_IDENTIFIER = "Cat.Cat-AppTests";
				PRODUCT_NAME = "$(TARGET_NAME)";
				SWIFT_VERSION = 4.0;
				TARGETED_DEVICE_FAMILY = "1,2";
				TEST_HOST = "$(BUILT_PRODUCTS_DIR)/Cat App.app/Cat App";
			};
			name = Release;
		};
		571AF1D22031F3CA00356635 /* Debug */ = {
			isa = XCBuildConfiguration;
			buildSettings = {
				ALWAYS_EMBED_SWIFT_STANDARD_LIBRARIES = YES;
				CODE_SIGN_STYLE = Automatic;
				INFOPLIST_FILE = "Cat AppUITests/Info.plist";
				LD_RUNPATH_SEARCH_PATHS = "$(inherited) @executable_path/Frameworks @loader_path/Frameworks";
				PRODUCT_BUNDLE_IDENTIFIER = "Cat.Cat-AppUITests";
				PRODUCT_NAME = "$(TARGET_NAME)";
				SWIFT_VERSION = 4.0;
				TARGETED_DEVICE_FAMILY = "1,2";
				TEST_TARGET_NAME = "Cat App";
			};
			name = Debug;
		};
		571AF1D32031F3CA00356635 /* Release */ = {
			isa = XCBuildConfiguration;
			buildSettings = {
				ALWAYS_EMBED_SWIFT_STANDARD_LIBRARIES = YES;
				CODE_SIGN_STYLE = Automatic;
				INFOPLIST_FILE = "Cat AppUITests/Info.plist";
				LD_RUNPATH_SEARCH_PATHS = "$(inherited) @executable_path/Frameworks @loader_path/Frameworks";
				PRODUCT_BUNDLE_IDENTIFIER = "Cat.Cat-AppUITests";
				PRODUCT_NAME = "$(TARGET_NAME)";
				SWIFT_VERSION = 4.0;
				TARGETED_DEVICE_FAMILY = "1,2";
				TEST_TARGET_NAME = "Cat App";
			};
			name = Release;
		};
/* End XCBuildConfiguration section */

/* Begin XCConfigurationList section */
		571AF19E2031F3CA00356635 /* Build configuration list for PBXProject "Cat App" */ = {
			isa = XCConfigurationList;
			buildConfigurations = (
				571AF1C92031F3CA00356635 /* Debug */,
				571AF1CA2031F3CA00356635 /* Release */,
			);
			defaultConfigurationIsVisible = 0;
			defaultConfigurationName = Release;
		};
		571AF1CB2031F3CA00356635 /* Build configuration list for PBXNativeTarget "Cat App" */ = {
			isa = XCConfigurationList;
			buildConfigurations = (
				571AF1CC2031F3CA00356635 /* Debug */,
				571AF1CD2031F3CA00356635 /* Release */,
			);
			defaultConfigurationIsVisible = 0;
			defaultConfigurationName = Release;
		};
		571AF1CE2031F3CA00356635 /* Build configuration list for PBXNativeTarget "Cat AppTests" */ = {
			isa = XCConfigurationList;
			buildConfigurations = (
				571AF1CF2031F3CA00356635 /* Debug */,
				571AF1D02031F3CA00356635 /* Release */,
			);
			defaultConfigurationIsVisible = 0;
			defaultConfigurationName = Release;
		};
		571AF1D12031F3CA00356635 /* Build configuration list for PBXNativeTarget "Cat AppUITests" */ = {
			isa = XCConfigurationList;
			buildConfigurations = (
				571AF1D22031F3CA00356635 /* Debug */,
				571AF1D32031F3CA00356635 /* Release */,
			);
			defaultConfigurationIsVisible = 0;
			defaultConfigurationName = Release;
		};
/* End XCConfigurationList section */
	};
	rootObject = 571AF19B2031F3CA00356635 /* Project object */;
}
